
Microsoft Visual Studio Solution File, Format Version 12.00
# Visual Studio Version 16
VisualStudioVersion = 16.0.31005.135
MinimumVisualStudioVersion = 10.0.40219.1
Project("{FAE04EC0-301F-11D3-BF4B-00C04F79EFBC}") = "WebView2.SolidWorks.AddIn", "WebView2.SolidWorks.AddIn.csproj", "{922AFF24-1B07-4532-BBAD-FDC529B795DF}"
EndProject
Global
	GlobalSection(SolutionConfigurationPlatforms) = preSolution
		Debug|Any CPU = Debug|Any CPU
		Release|Any CPU = Release|Any CPU
	EndGlobalSection
	GlobalSection(ProjectConfigurationPlatforms) = postSolution
		{922AFF24-1B07-4532-BBAD-FDC529B795DF}.Debug|Any CPU.ActiveCfg = Debug|Any CPU
		{922AFF24-1B07-4532-BBAD-FDC529B795DF}.Debug|Any CPU.Build.0 = Debug|Any CPU
		{922AFF24-1B07-4532-BBAD-FDC529B795DF}.Release|Any CPU.ActiveCfg = Release|Any CPU
		{922AFF24-1B07-4532-BBAD-FDC529B795DF}.Release|Any CPU.Build.0 = Release|Any CPU
	EndGlobalSection
	GlobalSection(SolutionProperties) = preSolution
		HideSolutionNode = FALSE
	EndGlobalSection
	GlobalSection(ExtensibilityGlobals) = postSolution
		SolutionGuid = {34528944-E152-4587-B85E-03FA0F071073}
	EndGlobalSection
EndGlobal
